
Microsoft Visual Studio Solution File, Format Version 12.00
# Visual Studio Version 16
VisualStudioVersion = 16.0.30204.135
MinimumVisualStudioVersion = 10.0.40219.1
Project("{FAE04EC0-301F-11D3-BF4B-00C04F79EFBC}") = "Elixir.WebAPI", "Elixir.WebAPI\Elixir.WebAPI.csproj", "{06BD5B11-4BD7-4561-AE13-A2ED36558FAE}"
EndProject
Global
	GlobalSection(SolutionConfigurationPlatforms) = preSolution
		Debug|Any CPU = Debug|Any CPU
		Release|Any CPU = Release|Any CPU
	EndGlobalSection
	GlobalSection(ProjectConfigurationPlatforms) = postSolution
		{06BD5B11-4BD7-4561-AE13-A2ED36558FAE}.Debug|Any CPU.ActiveCfg = Debug|Any CPU
		{06BD5B11-4BD7-4561-AE13-A2ED36558FAE}.Debug|Any CPU.Build.0 = Debug|Any CPU
		{06BD5B11-4BD7-4561-AE13-A2ED36558FAE}.Release|Any CPU.ActiveCfg = Release|Any CPU
		{06BD5B11-4BD7-4561-AE13-A2ED36558FAE}.Release|Any CPU.Build.0 = Release|Any CPU
	EndGlobalSection
	GlobalSection(SolutionProperties) = preSolution
		HideSolutionNode = FALSE
	EndGlobalSection
	GlobalSection(ExtensibilityGlobals) = postSolution
		SolutionGuid = {8CCF0A27-4174-40FF-B9EA-02CA7E5E15A0}
	EndGlobalSection
EndGlobal
